
Microsoft Visual Studio Solution File, Format Version 12.00
# Visual Studio Version 17
VisualStudioVersion = 17.1.32228.430
MinimumVisualStudioVersion = 10.0.40219.1
Project("{FAE04EC0-301F-11D3-BF4B-00C04F79EFBC}") = "RSA", "RSA.csproj", "{8C26AD95-CB8F-4A15-8F38-0102E094DE69}"
EndProject
Project("{FAE04EC0-301F-11D3-BF4B-00C04F79EFBC}") = "Tests", "..\Tests\Tests.csproj", "{204D7266-598E-4D00-B3F8-BD72A94401F1}"
EndProject
Global
	GlobalSection(SolutionConfigurationPlatforms) = preSolution
		Debug|Any CPU = Debug|Any CPU
		Release|Any CPU = Release|Any CPU
	EndGlobalSection
	GlobalSection(ProjectConfigurationPlatforms) = postSolution
		{8C26AD95-CB8F-4A15-8F38-0102E094DE69}.Debug|Any CPU.ActiveCfg = Debug|Any CPU
		{8C26AD95-CB8F-4A15-8F38-0102E094DE69}.Debug|Any CPU.Build.0 = Debug|Any CPU
		{8C26AD95-CB8F-4A15-8F38-0102E094DE69}.Release|Any CPU.ActiveCfg = Release|Any CPU
		{8C26AD95-CB8F-4A15-8F38-0102E094DE69}.Release|Any CPU.Build.0 = Release|Any CPU
		{204D7266-598E-4D00-B3F8-BD72A94401F1}.Debug|Any CPU.ActiveCfg = Debug|Any CPU
		{204D7266-598E-4D00-B3F8-BD72A94401F1}.Debug|Any CPU.Build.0 = Debug|Any CPU
		{204D7266-598E-4D00-B3F8-BD72A94401F1}.Release|Any CPU.ActiveCfg = Release|Any CPU
		{204D7266-598E-4D00-B3F8-BD72A94401F1}.Release|Any CPU.Build.0 = Release|Any CPU
	EndGlobalSection
	GlobalSection(SolutionProperties) = preSolution
		HideSolutionNode = FALSE
	EndGlobalSection
	GlobalSection(ExtensibilityGlobals) = postSolution
		SolutionGuid = {72BB979C-79BD-4BF0-997A-825834BC345F}
	EndGlobalSection
EndGlobal
